dependencies:
- name: loki
  repository: https://grafana.github.io/helm-charts
  version: 2.16.0
- name: promtail
  repository: https://grafana.github.io/helm-charts
  version: 6.6.2
- name: fluent-bit
  repository: https://grafana.github.io/helm-charts
  version: 2.3.2
- name: grafana
  repository: https://grafana.github.io/helm-charts
  version: 6.43.5
- name: prometheus
  repository: https://prometheus-community.github.io/helm-charts
  version: 15.5.4
- name: filebeat
  repository: https://helm.elastic.co
  version: 7.17.3
- name: logstash
  repository: https://helm.elastic.co
  version: 7.17.3
digest: sha256:c50522b3a5f17c80014b999c9c64aef8640200cf553d38fd17aa65efab0946ca
generated: "2022-11-16T11:35:25.799876251Z"
